
Microsoft Visual Studio Solution File, Format Version 12.00
# Visual Studio Version 17
VisualStudioVersion = 17.6.33815.320
MinimumVisualStudioVersion = 10.0.40219.1
Project("{FAE04EC0-301F-11D3-BF4B-00C04F79EFBC}") = "API", "API\API.csproj", "{B559F1C5-A5DD-447A-BE03-7747F45210EC}"
EndProject
Project("{FAE04EC0-301F-11D3-BF4B-00C04F79EFBC}") = "DataAccess", "DataAccess\DataAccess.csproj", "{55ADBC88-367D-4861-A055-AE7F6EAD3E92}"
EndProject
Project("{FAE04EC0-301F-11D3-BF4B-00C04F79EFBC}") = "Server", "Server\Server.csproj", "{FF4B5EF3-5CC8-458A-93D4-105298EC47D7}"
EndProject
Global
	GlobalSection(SolutionConfigurationPlatforms) = preSolution
		Debug|Any CPU = Debug|Any CPU
		Release|Any CPU = Release|Any CPU
	EndGlobalSection
	GlobalSection(ProjectConfigurationPlatforms) = postSolution
		{B559F1C5-A5DD-447A-BE03-7747F45210EC}.Debug|Any CPU.ActiveCfg = Debug|Any CPU
		{B559F1C5-A5DD-447A-BE03-7747F45210EC}.Debug|Any CPU.Build.0 = Debug|Any CPU
		{B559F1C5-A5DD-447A-BE03-7747F45210EC}.Release|Any CPU.ActiveCfg = Release|Any CPU
		{B559F1C5-A5DD-447A-BE03-7747F45210EC}.Release|Any CPU.Build.0 = Release|Any CPU
		{55ADBC88-367D-4861-A055-AE7F6EAD3E92}.Debug|Any CPU.ActiveCfg = Debug|Any CPU
		{55ADBC88-367D-4861-A055-AE7F6EAD3E92}.Debug|Any CPU.Build.0 = Debug|Any CPU
		{55ADBC88-367D-4861-A055-AE7F6EAD3E92}.Release|Any CPU.ActiveCfg = Release|Any CPU
		{55ADBC88-367D-4861-A055-AE7F6EAD3E92}.Release|Any CPU.Build.0 = Release|Any CPU
		{FF4B5EF3-5CC8-458A-93D4-105298EC47D7}.Debug|Any CPU.ActiveCfg = Debug|Any CPU
		{FF4B5EF3-5CC8-458A-93D4-105298EC47D7}.Debug|Any CPU.Build.0 = Debug|Any CPU
		{FF4B5EF3-5CC8-458A-93D4-105298EC47D7}.Release|Any CPU.ActiveCfg = Release|Any CPU
		{FF4B5EF3-5CC8-458A-93D4-105298EC47D7}.Release|Any CPU.Build.0 = Release|Any CPU
	EndGlobalSection
	GlobalSection(SolutionProperties) = preSolution
		HideSolutionNode = FALSE
	EndGlobalSection
	GlobalSection(ExtensibilityGlobals) = postSolution
		SolutionGuid = {18A85118-F2F6-434E-8186-05B291C09C5A}
	EndGlobalSection
EndGlobal
